
Microsoft Visual Studio Solution File, Format Version 12.00
# Visual Studio Version 17
VisualStudioVersion = 17.2.32505.173
MinimumVisualStudioVersion = 10.0.40219.1
Project("{9A19103F-16F7-4668-BE54-9A1E7A4F7556}") = "pos.sys", "pos.sys\pos.sys.csproj", "{8594B769-8E21-4D05-A17C-830DD90427AE}"
EndProject
Global
	GlobalSection(SolutionConfigurationPlatforms) = preSolution
		Debug|Any CPU = Debug|Any CPU
		Release|Any CPU = Release|Any CPU
	EndGlobalSection
	GlobalSection(ProjectConfigurationPlatforms) = postSolution
		{8594B769-8E21-4D05-A17C-830DD90427AE}.Debug|Any CPU.ActiveCfg = Debug|Any CPU
		{8594B769-8E21-4D05-A17C-830DD90427AE}.Debug|Any CPU.Build.0 = Debug|Any CPU
		{8594B769-8E21-4D05-A17C-830DD90427AE}.Release|Any CPU.ActiveCfg = Release|Any CPU
		{8594B769-8E21-4D05-A17C-830DD90427AE}.Release|Any CPU.Build.0 = Release|Any CPU
	EndGlobalSection
	GlobalSection(SolutionProperties) = preSolution
		HideSolutionNode = FALSE
	EndGlobalSection
	GlobalSection(ExtensibilityGlobals) = postSolution
		SolutionGuid = {D61AC526-7222-4EF6-8452-1D10865C8B25}
	EndGlobalSection
EndGlobal
