
Microsoft Visual Studio Solution File, Format Version 12.00
# Visual Studio Version 17
VisualStudioVersion = 17.1.32414.318
MinimumVisualStudioVersion = 10.0.40219.1
Project("{FAE04EC0-301F-11D3-BF4B-00C04F79EFBC}") = "apigee.sms.intf", "apigee.sms.intf/apigee.sms.intf.csproj", "{BAD63EB2-13C4-4777-A21C-6A6F8F49246F}"
EndProject
Global
	GlobalSection(SolutionConfigurationPlatforms) = preSolution
		Debug|Any CPU = Debug|Any CPU
		Release|Any CPU = Release|Any CPU
	EndGlobalSection
	GlobalSection(ProjectConfigurationPlatforms) = postSolution
		{BAD63EB2-13C4-4777-A21C-6A6F8F49246F}.Debug|Any CPU.ActiveCfg = Debug|Any CPU
		{BAD63EB2-13C4-4777-A21C-6A6F8F49246F}.Debug|Any CPU.Build.0 = Debug|Any CPU
		{BAD63EB2-13C4-4777-A21C-6A6F8F49246F}.Release|Any CPU.ActiveCfg = Release|Any CPU
		{BAD63EB2-13C4-4777-A21C-6A6F8F49246F}.Release|Any CPU.Build.0 = Release|Any CPU
	EndGlobalSection
	GlobalSection(SolutionProperties) = preSolution
		HideSolutionNode = FALSE
	EndGlobalSection
	GlobalSection(ExtensibilityGlobals) = postSolution
		SolutionGuid = {8E9BF6FB-983C-41AE-902F-8BC891DB7DD2}
	EndGlobalSection
EndGlobal
